
Microsoft Visual Studio Solution File, Format Version 12.00
# Visual Studio Version 16
VisualStudioVersion = 16.0.29519.181
MinimumVisualStudioVersion = 10.0.40219.1
Project("{FAE04EC0-301F-11D3-BF4B-00C04F79EFBC}") = "SmokeTube", "SmokeTube.csproj", "{69912321-0520-493F-86DB-7E17B34FD3BC}"
EndProject
Global
	GlobalSection(SolutionConfigurationPlatforms) = preSolution
		Debug|Any CPU = Debug|Any CPU
		Release|Any CPU = Release|Any CPU
	EndGlobalSection
	GlobalSection(ProjectConfigurationPlatforms) = postSolution
		{69912321-0520-493F-86DB-7E17B34FD3BC}.Debug|Any CPU.ActiveCfg = Debug|Any CPU
		{69912321-0520-493F-86DB-7E17B34FD3BC}.Debug|Any CPU.Build.0 = Debug|Any CPU
		{69912321-0520-493F-86DB-7E17B34FD3BC}.Release|Any CPU.ActiveCfg = Release|Any CPU
		{69912321-0520-493F-86DB-7E17B34FD3BC}.Release|Any CPU.Build.0 = Release|Any CPU
	EndGlobalSection
	GlobalSection(SolutionProperties) = preSolution
		HideSolutionNode = FALSE
	EndGlobalSection
	GlobalSection(ExtensibilityGlobals) = postSolution
		SolutionGuid = {94482D41-6353-473B-8382-C93BE638E42C}
	EndGlobalSection
EndGlobal
